
Microsoft Visual Studio Solution File, Format Version 12.00
# Visual Studio Version 17
VisualStudioVersion = 17.6.33927.249
MinimumVisualStudioVersion = 10.0.40219.1
Project("{2150E333-8FDC-42A3-9474-1A3956D46DE8}") = "src", "src", "{0E32BE32-AC33-4A0E-B993-D31E534BFBDD}"
EndProject
Project("{9A19103F-16F7-4668-BE54-9A1E7A4F7556}") = "IdentityPasswordHasher", "src\IdentityPasswordHasher.csproj", "{D4D756CC-4DA7-48B0-8AB1-23D1C2DFDAD1}"
EndProject
Global
	GlobalSection(SolutionConfigurationPlatforms) = preSolution
		Debug|Any CPU = Debug|Any CPU
		Release|Any CPU = Release|Any CPU
	EndGlobalSection
	GlobalSection(ProjectConfigurationPlatforms) = postSolution
		{D4D756CC-4DA7-48B0-8AB1-23D1C2DFDAD1}.Debug|Any CPU.ActiveCfg = Debug|Any CPU
		{D4D756CC-4DA7-48B0-8AB1-23D1C2DFDAD1}.Debug|Any CPU.Build.0 = Debug|Any CPU
		{D4D756CC-4DA7-48B0-8AB1-23D1C2DFDAD1}.Release|Any CPU.ActiveCfg = Release|Any CPU
		{D4D756CC-4DA7-48B0-8AB1-23D1C2DFDAD1}.Release|Any CPU.Build.0 = Release|Any CPU
	EndGlobalSection
	GlobalSection(SolutionProperties) = preSolution
		HideSolutionNode = FALSE
	EndGlobalSection
	GlobalSection(NestedProjects) = preSolution
		{D4D756CC-4DA7-48B0-8AB1-23D1C2DFDAD1} = {0E32BE32-AC33-4A0E-B993-D31E534BFBDD}
	EndGlobalSection
	GlobalSection(ExtensibilityGlobals) = postSolution
		SolutionGuid = {1B98485B-900C-48CA-AE16-7BB23C2E9DA5}
	EndGlobalSection
EndGlobal
